
Microsoft Visual Studio Solution File, Format Version 12.00
# Visual Studio Version 16
VisualStudioVersion = 25.0.1704.2
MinimumVisualStudioVersion = 10.0.40219.1
Project("{FAE04EC0-301F-11D3-BF4B-00C04F79EFBC}") = "alqoritm suali 7", "alqoritm suali 7\alqoritm suali 7.csproj", "{55924F40-BB30-406D-B823-2348CA5D2B8F}"
EndProject
Global
	GlobalSection(SolutionConfigurationPlatforms) = preSolution
		Debug|Any CPU = Debug|Any CPU
		Release|Any CPU = Release|Any CPU
	EndGlobalSection
	GlobalSection(ProjectConfigurationPlatforms) = postSolution
		{55924F40-BB30-406D-B823-2348CA5D2B8F}.Debug|Any CPU.ActiveCfg = Debug|Any CPU
		{55924F40-BB30-406D-B823-2348CA5D2B8F}.Debug|Any CPU.Build.0 = Debug|Any CPU
		{55924F40-BB30-406D-B823-2348CA5D2B8F}.Release|Any CPU.ActiveCfg = Release|Any CPU
		{55924F40-BB30-406D-B823-2348CA5D2B8F}.Release|Any CPU.Build.0 = Release|Any CPU
	EndGlobalSection
	GlobalSection(SolutionProperties) = preSolution
		HideSolutionNode = FALSE
	EndGlobalSection
	GlobalSection(ExtensibilityGlobals) = postSolution
		SolutionGuid = {810586DA-EA30-42B6-BBFB-BF5095F9221D}
	EndGlobalSection
EndGlobal
